
Microsoft Visual Studio Solution File, Format Version 12.00
# Visual Studio Version 16
VisualStudioVersion = 16.0.29424.173
MinimumVisualStudioVersion = 10.0.40219.1
Project("{9A19103F-16F7-4668-BE54-9A1E7A4F7556}") = "GZipTest", "GZipTest\GZipTest.csproj", "{6CA4D46E-927B-4EB4-ACA5-3783A99A391E}"
EndProject
Project("{9A19103F-16F7-4668-BE54-9A1E7A4F7556}") = "GZipTest.Tests", "GZipTest.Tests\GZipTest.Tests.csproj", "{BFEBFD46-6424-431C-BDC4-11528CA84638}"
EndProject
Global
	GlobalSection(SolutionConfigurationPlatforms) = preSolution
		Debug|Any CPU = Debug|Any CPU
		Release|Any CPU = Release|Any CPU
	EndGlobalSection
	GlobalSection(ProjectConfigurationPlatforms) = postSolution
		{6CA4D46E-927B-4EB4-ACA5-3783A99A391E}.Debug|Any CPU.ActiveCfg = Debug|Any CPU
		{6CA4D46E-927B-4EB4-ACA5-3783A99A391E}.Debug|Any CPU.Build.0 = Debug|Any CPU
		{6CA4D46E-927B-4EB4-ACA5-3783A99A391E}.Release|Any CPU.ActiveCfg = Release|Any CPU
		{6CA4D46E-927B-4EB4-ACA5-3783A99A391E}.Release|Any CPU.Build.0 = Release|Any CPU
		{BFEBFD46-6424-431C-BDC4-11528CA84638}.Debug|Any CPU.ActiveCfg = Debug|Any CPU
		{BFEBFD46-6424-431C-BDC4-11528CA84638}.Debug|Any CPU.Build.0 = Debug|Any CPU
		{BFEBFD46-6424-431C-BDC4-11528CA84638}.Release|Any CPU.ActiveCfg = Release|Any CPU
		{BFEBFD46-6424-431C-BDC4-11528CA84638}.Release|Any CPU.Build.0 = Release|Any CPU
	EndGlobalSection
	GlobalSection(SolutionProperties) = preSolution
		HideSolutionNode = FALSE
	EndGlobalSection
	GlobalSection(ExtensibilityGlobals) = postSolution
		SolutionGuid = {F045A2D0-0A78-43AD-9682-820B1F8A27F7}
	EndGlobalSection
EndGlobal
